
Microsoft Visual Studio Solution File, Format Version 12.00
# Visual Studio 2017
Project("{FAE04EC0-301F-11D3-BF4B-00C04F79EFBC}") = "AoC2019", "AoC2019.csproj", "{5BBDAE29-B54B-44C7-A73A-BDD3E78EA83A}"
EndProject
Global
	GlobalSection(SolutionConfigurationPlatforms) = preSolution
		Debug|Any CPU = Debug|Any CPU
		Release|Any CPU = Release|Any CPU
	EndGlobalSection
	GlobalSection(ProjectConfigurationPlatforms) = postSolution
		{5BBDAE29-B54B-44C7-A73A-BDD3E78EA83A}.Debug|Any CPU.ActiveCfg = Debug|Any CPU
		{5BBDAE29-B54B-44C7-A73A-BDD3E78EA83A}.Debug|Any CPU.Build.0 = Debug|Any CPU
		{5BBDAE29-B54B-44C7-A73A-BDD3E78EA83A}.Release|Any CPU.ActiveCfg = Release|Any CPU
		{5BBDAE29-B54B-44C7-A73A-BDD3E78EA83A}.Release|Any CPU.Build.0 = Release|Any CPU
	EndGlobalSection
EndGlobal
